
Microsoft Visual Studio Solution File, Format Version 12.00
# Visual Studio Version 17
VisualStudioVersion = 17.11.35327.3
MinimumVisualStudioVersion = 10.0.40219.1
Project("{FAE04EC0-301F-11D3-BF4B-00C04F79EFBC}") = "Currency_converter", "Currency_converter\Currency_converter.csproj", "{2F4B8EA6-E122-4202-BABF-89686E4070B2}"
EndProject
Project("{FAE04EC0-301F-11D3-BF4B-00C04F79EFBC}") = "Services", "Services\Services.csproj", "{99DFDD5F-338B-446D-BF45-EFC7C7DB1CD2}"
EndProject
Project("{FAE04EC0-301F-11D3-BF4B-00C04F79EFBC}") = "Data", "Data\Data.csproj", "{22E85447-F6A3-40AC-A8DF-1BC0E329B235}"
EndProject
Project("{FAE04EC0-301F-11D3-BF4B-00C04F79EFBC}") = "Common", "Common\Common.csproj", "{0132884B-16F5-41FB-8240-94C62AC17FFE}"
EndProject
Global
	GlobalSection(SolutionConfigurationPlatforms) = preSolution
		Debug|Any CPU = Debug|Any CPU
		Release|Any CPU = Release|Any CPU
	EndGlobalSection
	GlobalSection(ProjectConfigurationPlatforms) = postSolution
		{2F4B8EA6-E122-4202-BABF-89686E4070B2}.Debug|Any CPU.ActiveCfg = Debug|Any CPU
		{2F4B8EA6-E122-4202-BABF-89686E4070B2}.Debug|Any CPU.Build.0 = Debug|Any CPU
		{2F4B8EA6-E122-4202-BABF-89686E4070B2}.Release|Any CPU.ActiveCfg = Release|Any CPU
		{2F4B8EA6-E122-4202-BABF-89686E4070B2}.Release|Any CPU.Build.0 = Release|Any CPU
		{99DFDD5F-338B-446D-BF45-EFC7C7DB1CD2}.Debug|Any CPU.ActiveCfg = Debug|Any CPU
		{99DFDD5F-338B-446D-BF45-EFC7C7DB1CD2}.Debug|Any CPU.Build.0 = Debug|Any CPU
		{99DFDD5F-338B-446D-BF45-EFC7C7DB1CD2}.Release|Any CPU.ActiveCfg = Release|Any CPU
		{99DFDD5F-338B-446D-BF45-EFC7C7DB1CD2}.Release|Any CPU.Build.0 = Release|Any CPU
		{22E85447-F6A3-40AC-A8DF-1BC0E329B235}.Debug|Any CPU.ActiveCfg = Debug|Any CPU
		{22E85447-F6A3-40AC-A8DF-1BC0E329B235}.Debug|Any CPU.Build.0 = Debug|Any CPU
		{22E85447-F6A3-40AC-A8DF-1BC0E329B235}.Release|Any CPU.ActiveCfg = Release|Any CPU
		{22E85447-F6A3-40AC-A8DF-1BC0E329B235}.Release|Any CPU.Build.0 = Release|Any CPU
		{0132884B-16F5-41FB-8240-94C62AC17FFE}.Debug|Any CPU.ActiveCfg = Debug|Any CPU
		{0132884B-16F5-41FB-8240-94C62AC17FFE}.Debug|Any CPU.Build.0 = Debug|Any CPU
		{0132884B-16F5-41FB-8240-94C62AC17FFE}.Release|Any CPU.ActiveCfg = Release|Any CPU
		{0132884B-16F5-41FB-8240-94C62AC17FFE}.Release|Any CPU.Build.0 = Release|Any CPU
	EndGlobalSection
	GlobalSection(SolutionProperties) = preSolution
		HideSolutionNode = FALSE
	EndGlobalSection
	GlobalSection(ExtensibilityGlobals) = postSolution
		SolutionGuid = {3F3521D2-D21F-4E08-A1AA-90720636AFA2}
	EndGlobalSection
EndGlobal
